
Microsoft Visual Studio Solution File, Format Version 12.00
# Visual Studio 2012
Project("{FAE04EC0-301F-11D3-BF4B-00C04F79EFBC}") = "Parrot.Nancy", "Parrot.Nancy\Parrot.Nancy.csproj", "{B2700729-DEDB-4F80-8F07-7FEE5FBEDDE6}"
EndProject
Project("{2150E333-8FDC-42A3-9474-1A3956D46DE8}") = "Nuget", "Nuget", "{A96513FB-F9A8-45EF-8D60-A6B9A09221E3}"
EndProject
Global
	GlobalSection(SolutionConfigurationPlatforms) = preSolution
		Debug|Any CPU = Debug|Any CPU
		Release|Any CPU = Release|Any CPU
	EndGlobalSection
	GlobalSection(ProjectConfigurationPlatforms) = postSolution
		{B2700729-DEDB-4F80-8F07-7FEE5FBEDDE6}.Debug|Any CPU.ActiveCfg = Debug|Any CPU
		{B2700729-DEDB-4F80-8F07-7FEE5FBEDDE6}.Debug|Any CPU.Build.0 = Debug|Any CPU
		{B2700729-DEDB-4F80-8F07-7FEE5FBEDDE6}.Release|Any CPU.ActiveCfg = Release|Any CPU
		{B2700729-DEDB-4F80-8F07-7FEE5FBEDDE6}.Release|Any CPU.Build.0 = Release|Any CPU
	EndGlobalSection
	GlobalSection(SolutionProperties) = preSolution
		HideSolutionNode = FALSE
	EndGlobalSection
EndGlobal
